// !$*UTF8*$!
{
	archiveVersion = 1;
	classes = {
	};
	objectVersion = 46;
	objects = {

/* Begin PBXBuildFile section */
		3AEBD7CA1DB9353200345071 /* AppDelegate.swift in Sources */ = {isa = PBXBuildFile; fileRef = 3AEBD7C91DB9353200345071 /* AppDelegate.swift */; };
		3AEBD7CC1DB9353200345071 /* ViewController.swift in Sources */ = {isa = PBXBuildFile; fileRef = 3AEBD7CB1DB9353200345071 /* ViewController.swift */; };
		3AEBD7CF1DB9353200345071 /* Main.storyboard in Resources */ = {isa = PBXBuildFile; fileRef = 3AEBD7CD1DB9353200345071 /* Main.storyboard */; };
		3AEBD7D11DB9353200345071 /* Assets.xcassets in Resources */ = {isa = PBXBuildFile; fileRef = 3AEBD7D01DB9353200345071 /* Assets.xcassets */; };
		3AEBD7D41DB9353200345071 /* LaunchScreen.storyboard in Resources */ = {isa = PBXBuildFile; fileRef = 3AEBD7D21DB9353200345071 /* LaunchScreen.storyboard */; };
/* End PBXBuildFile section */

/* Begin PBXFileReference section */
		3AEBD7C61DB9353200345071 /* DotaComp.app */ = {isa = PBXFileReference; explicitFileType = wrapper.application; includeInIndex = 0; path = DotaComp.app; sourceTree = BUILT_PRODUCTS_DIR; };
		3AEBD7C91DB9353200345071 /* AppDelegate.swift */ = {isa = PBXFileReference; lastKnownFileType = sourcecode.swift; path = AppDelegate.swift; sourceTree = "<group>"; };
		3AEBD7CB1DB9353200345071 /* ViewController.swift */ = {isa = PBXFileReference; lastKnownFileType = sourcecode.swift; path = ViewController.swift; sourceTree = "<group>"; };
		3AEBD7CE1DB9353200345071 /* Base */ = {isa = PBXFileReference; lastKnownFileType = file.storyboard; name = Base; path = Base.lproj/Main.storyboard; sourceTree = "<group>"; };
		3AEBD7D01DB9353200345071 /* Assets.xcassets */ = {isa = PBXFileReference; lastKnownFileType = folder.assetcatalog; path = Assets.xcassets; sourceTree = "<group>"; };
		3AEBD7D31DB9353200345071 /* Base */ = {isa = PBXFileReference; lastKnownFileType = file.storyboard; name = Base; path = Base.lproj/LaunchScreen.storyboard; sourceTree = "<group>"; };
		3AEBD7D51DB9353200345071 /* Info.plist */ = {isa = PBXFileReference; lastKnownFileType = text.plist.xml; path = Info.plist; sourceTree = "<group>"; };
/* End PBXFileReference section */

/* Begin PBXFrameworksBuildPhase section */
		3AEBD7C31DB9353200345071 /* Frameworks */ = {
			isa = PBXFrameworksBuildPhase;
			buildActionMask = 2147483647;
			files = (
			);
			runOnlyForDeploymentPostprocessing = 0;
		};
/* End PBXFrameworksBuildPhase section */

/* Begin PBXGroup section */
		3AEBD7BD1DB9353200345071 = {
			isa = PBXGroup;
			children = (
				3AEBD7C81DB9353200345071 /* DotaComp */,
				3AEBD7C71DB9353200345071 /* Products */,
			);
			sourceTree = "<group>";
		};
		3AEBD7C71DB9353200345071 /* Products */ = {
			isa = PBXGroup;
			children = (
				3AEBD7C61DB9353200345071 /* DotaComp.app */,
			);
			name = Products;
			sourceTree = "<group>";
		};
		3AEBD7C81DB9353200345071 /* DotaComp */ = {
			isa = PBXGroup;
			children = (
				3AEBD7C91DB9353200345071 /* AppDelegate.swift */,
				3AEBD7CB1DB9353200345071 /* ViewController.swift */,
				3AEBD7CD1DB9353200345071 /* Main.storyboard */,
				3AEBD7D01DB9353200345071 /* Assets.xcassets */,
				3AEBD7D21DB9353200345071 /* LaunchScreen.storyboard */,
				3AEBD7D51DB9353200345071 /* Info.plist */,
			);
			path = DotaComp;
			sourceTree = "<group>";
		};
/* End PBXGroup section */

/* Begin PBXNativeTarget section */
		3AEBD7C51DB9353200345071 /* DotaComp */ = {
			isa = PBXNativeTarget;
			buildConfigurationList = 3AEBD7D81DB9353200345071 /* Build configuration list for PBXNativeTarget "DotaComp" */;
			buildPhases = (
				3AEBD7C21DB9353200345071 /* Sources */,
				3AEBD7C31DB9353200345071 /* Frameworks */,
				3AEBD7C41DB9353200345071 /* Resources */,
			);
			buildRules = (
			);
			dependencies = (
			);
			name = DotaComp;
			productName = DotaComp;
			productReference = 3AEBD7C61DB9353200345071 /* DotaComp.app */;
			productType = "com.apple.product-type.application";
		};
/* End PBXNativeTarget section */

/* Begin PBXProject section */
		3AEBD7BE1DB9353200345071 /* Project object */ = {
			isa = PBXProject;
			attributes = {
				LastSwiftUpdateCheck = 0800;
				LastUpgradeCheck = 0800;
				ORGANIZATIONNAME = "Felipe Dias Pereira";
				TargetAttributes = {
					3AEBD7C51DB9353200345071 = {
						CreatedOnToolsVersion = 8.0;
						DevelopmentTeam = 439F5NHE7E;
						ProvisioningStyle = Automatic;
					};
				};
			};
			buildConfigurationList = 3AEBD7C11DB9353200345071 /* Build configuration list for PBXProject "DotaComp" */;
			compatibilityVersion = "Xcode 3.2";
			developmentRegion = English;
			hasScannedForEncodings = 0;
			knownRegions = (
				en,
				Base,
			);
			mainGroup = 3AEBD7BD1DB9353200345071;
			productRefGroup = 3AEBD7C71DB9353200345071 /* Products */;
			projectDirPath = "";
			projectRoot = "";
			targets = (
				3AEBD7C51DB9353200345071 /* DotaComp */,
			);
		};
/* End PBXProject section */

/* Begin PBXResourcesBuildPhase section */
		3AEBD7C41DB9353200345071 /* Resources */ = {
			isa = PBXResourcesBuildPhase;
			buildActionMask = 2147483647;
			files = (
				3AEBD7D41DB9353200345071 /* LaunchScreen.storyboard in Resources */,
				3AEBD7D11DB9353200345071 /* Assets.xcassets in Resources */,
				3AEBD7CF1DB9353200345071 /* Main.storyboard in Resources */,
			);
			runOnlyForDeploymentPostprocessing = 0;
		};
/* End PBXResourcesBuildPhase section */

/* Begin PBXSourcesBuildPhase section */
		3AEBD7C21DB9353200345071 /* Sources */ = {
			isa = PBXSourcesBuildPhase;
			buildActionMask = 2147483647;
			files = (
				3AEBD7CC1DB9353200345071 /* ViewController.swift in Sources */,
				3AEBD7CA1DB9353200345071 /* AppDelegate.swift in Sources */,
			);
			runOnlyForDeploymentPostprocessing = 0;
		};
/* End PBXSourcesBuildPhase section */

/* Begin PBXVariantGroup section */
		3AEBD7CD1DB9353200345071 /* Main.storyboard */ = {
			isa = PBXVariantGroup;
			children = (
				3AEBD7CE1DB9353200345071 /* Base */,
			);
			name = Main.storyboard;
			sourceTree = "<group>";
		};
		3AEBD7D21DB9353200345071 /* LaunchScreen.storyboard */ = {
			isa = PBXVariantGroup;
			children = (
				3AEBD7D31DB9353200345071 /* Base */,
			);
			name = LaunchScreen.storyboard;
			sourceTree = "<group>";
		};
/* End PBXVariantGroup section */

/* Begin XCBuildConfiguration section */
		3AEBD7D61DB9353200345071 /* Debug */ = {
			isa = XCBuildConfiguration;
			buildSettings = {
				ALWAYS_SEARCH_USER_PATHS = NO;
				CLANG_ANALYZER_NONNULL = YES;
				CLANG_CXX_LANGUAGE_STANDARD = "gnu++0x";
				CLANG_CXX_LIBRARY = "libc++";
				CLANG_ENABLE_MODULES = YES;
				CLANG_ENABLE_OBJC_ARC = YES;
				CLANG_WARN_BOOL_CONVERSION = YES;
				CLANG_WARN_CONSTANT_CONVERSION = YES;
				CLANG_WARN_DIRECT_OBJC_ISA_USAGE = YES_ERROR;
				CLANG_WARN_DOCUMENTATION_COMMENTS = YES;
				CLANG_WARN_EMPTY_BODY = YES;
				CLANG_WARN_ENUM_CONVERSION = YES;
				CLANG_WARN_INFINITE_RECURSION = YES;
				CLANG_WARN_INT_CONVERSION = YES;
				CLANG_WARN_OBJC_ROOT_CLASS = YES_ERROR;
				CLANG_WARN_SUSPICIOUS_MOVES = YES;
				CLANG_WARN_UNREACHABLE_CODE = YES;
				CLANG_WARN__DUPLICATE_METHOD_MATCH = YES;
				"CODE_SIGN_IDENTITY[sdk=iphoneos*]" = "iPhone Developer";
				COPY_PHASE_STRIP = NO;
				DEBUG_INFORMATION_FORMAT = dwarf;
				ENABLE_STRICT_OBJC_MSGSEND = YES;
				ENABLE_TESTABILITY = YES;
				GCC_C_LANGUAGE_STANDARD = gnu99;
				GCC_DYNAMIC_NO_PIC = NO;
				GCC_NO_COMMON_BLOCKS = YES;
				GCC_OPTIMIZATION_LEVEL = 0;
				GCC_PREPROCESSOR_DEFINITIONS = (
					"DEBUG=1",
					"$(inherited)",
				);
				GCC_WARN_64_TO_32_BIT_CONVERSION = YES;
				GCC_WARN_ABOUT_RETURN_TYPE = YES_ERROR;
				GCC_WARN_UNDECLARED_SELECTOR = YES;
				GCC_WARN_UNINITIALIZED_AUTOS = YES_AGGRESSIVE;
				GCC_WARN_UNUSED_FUNCTION = YES;
				GCC_WARN_UNUSED_VARIABLE = YES;
				IPHONEOS_DEPLOYMENT_TARGET = 10.0;
				MTL_ENABLE_DEBUG_INFO = YES;
				ONLY_ACTIVE_ARCH = YES;
				SDKROOT = iphoneos;
				SWIFT_ACTIVE_COMPILATION_CONDITIONS = DEBUG;
				SWIFT_OPTIMIZATION_LEVEL = "-Onone";
			};
			name = Debug;
		};
		3AEBD7D71DB9353200345071 /* Release */ = {
			isa = XCBuildConfiguration;
			buildSettings = {
				ALWAYS_SEARCH_USER_PATHS = NO;
				CLANG_ANALYZER_NONNULL = YES;
				CLANG_CXX_LANGUAGE_STANDARD = "gnu++0x";
				CLANG_CXX_LIBRARY = "libc++";
				CLANG_ENABLE_MODULES = YES;
				CLANG_ENABLE_OBJC_ARC = YES;
				CLANG_WARN_BOOL_CONVERSION = YES;
				CLANG_WARN_CONSTANT_CONVERSION = YES;
				CLANG_WARN_DIRECT_OBJC_ISA_USAGE = YES_ERROR;
				CLANG_WARN_DOCUMENTATION_COMMENTS = YES;
				CLANG_WARN_EMPTY_BODY = YES;
				CLANG_WARN_ENUM_CONVERSION = YES;
				CLANG_WARN_INFINITE_RECURSION = YES;
				CLANG_WARN_INT_CONVERSION = YES;
				CLANG_WARN_OBJC_ROOT_CLASS = YES_ERROR;
				CLANG_WARN_SUSPICIOUS_MOVES = YES;
				CLANG_WARN_UNREACHABLE_CODE = YES;
				CLANG_WARN__DUPLICATE_METHOD_MATCH = YES;
				"CODE_SIGN_IDENTITY[sdk=iphoneos*]" = "iPhone Developer";
				COPY_PHASE_STRIP = NO;
				DEBUG_INFORMATION_FORMAT = "dwarf-with-dsym";
				ENABLE_NS_ASSERTIONS = NO;
				ENABLE_STRICT_OBJC_MSGSEND = YES;
				GCC_C_LANGUAGE_STANDARD = gnu99;
				GCC_NO_COMMON_BLOCKS = YES;
				GCC_WARN_64_TO_32_BIT_CONVERSION = YES;
				GCC_WARN_ABOUT_RETURN_TYPE = YES_ERROR;
				GCC_WARN_UNDECLARED_SELECTOR = YES;
				GCC_WARN_UNINITIALIZED_AUTOS = YES_AGGRESSIVE;
				GCC_WARN_UNUSED_FUNCTION = YES;
				GCC_WARN_UNUSED_VARIABLE = YES;
				IPHONEOS_DEPLOYMENT_TARGET = 10.0;
				MTL_ENABLE_DEBUG_INFO = NO;
				SDKROOT = iphoneos;
				SWIFT_OPTIMIZATION_LEVEL = "-Owholemodule";
				VALIDATE_PRODUCT = YES;
			};
			name = Release;
		};
		3AEBD7D91DB9353200345071 /* Debug */ = {
			isa = XCBuildConfiguration;
			buildSettings = {
				ASSETCATALOG_COMPILER_APPICON_NAME = AppIcon;
				DEVELOPMENT_TEAM = 439F5NHE7E;
				INFOPLIST_FILE = DotaComp/Info.plist;
				LD_RUNPATH_SEARCH_PATHS = "$(inherited) @executable_path/Frameworks";
				PRODUCT_BUNDLE_IDENTIFIER = felipep.com.DotaComp;
				PRODUCT_NAME = "$(TARGET_NAME)";
				SWIFT_VERSION = 3.0;
			};
			name = Debug;
		};
		3AEBD7DA1DB9353200345071 /* Release */ = {
			isa = XCBuildConfiguration;
			buildSettings = {
				ASSETCATALOG_COMPILER_APPICON_NAME = AppIcon;
				DEVELOPMENT_TEAM = 439F5NHE7E;
				INFOPLIST_FILE = DotaComp/Info.plist;
				LD_RUNPATH_SEARCH_PATHS = "$(inherited) @executable_path/Frameworks";
				PRODUCT_BUNDLE_IDENTIFIER = felipep.com.DotaComp;
				PRODUCT_NAME = "$(TARGET_NAME)";
				SWIFT_VERSION = 3.0;
			};
			name = Release;
		};
/* End XCBuildConfiguration section */

/* Begin XCConfigurationList section */
		3AEBD7C11DB9353200345071 /* Build configuration list for PBXProject "DotaComp" */ = {
			isa = XCConfigurationList;
			buildConfigurations = (
				3AEBD7D61DB9353200345071 /* Debug */,
				3AEBD7D71DB9353200345071 /* Release */,
			);
			defaultConfigurationIsVisible = 0;
			defaultConfigurationName = Release;
		};
		3AEBD7D81DB9353200345071 /* Build configuration list for PBXNativeTarget "DotaComp" */ = {
			isa = XCConfigurationList;
			buildConfigurations = (
				3AEBD7D91DB9353200345071 /* Debug */,
				3AEBD7DA1DB9353200345071 /* Release */,
			);
			defaultConfigurationIsVisible = 0;
		};
/* End XCConfigurationList section */
	};
	rootObject = 3AEBD7BE1DB9353200345071 /* Project object */;
}
